// !$*UTF8*$!
{
	archiveVersion = 1;
	classes = {
	};
	objectVersion = 77;
	objects = {

/* Begin PBXBuildFile section */
		8ABEFA292D2A5462001016D8 /* RealmSwift in Frameworks */ = {isa = PBXBuildFile; productRef = 8ABEFA282D2A5462001016D8 /* RealmSwift */; };
		8AD484782D2B119700891DED /* URLImage in Frameworks */ = {isa = PBXBuildFile; productRef = 8AD484772D2B119700891DED /* URLImage */; };
		8AD485022D2B1AA600891DED /* README.md in Resources */ = {isa = PBXBuildFile; fileRef = 8AD485012D2B1AA600891DED /* README.md */; };
/* End PBXBuildFile section */

/* Begin PBXContainerItemProxy section */
		8ABA696C2D290B40007F4CA2 /* PBXContainerItemProxy */ = {
			isa = PBXContainerItemProxy;
			containerPortal = 8ABA694E2D290B3E007F4CA2 /* Project object */;
			proxyType = 1;
			remoteGlobalIDString = 8ABA69552D290B3E007F4CA2;
			remoteInfo = PracticalTask;
		};
		8ABA69762D290B40007F4CA2 /* PBXContainerItemProxy */ = {
			isa = PBXContainerItemProxy;
			containerPortal = 8ABA694E2D290B3E007F4CA2 /* Project object */;
			proxyType = 1;
			remoteGlobalIDString = 8ABA69552D290B3E007F4CA2;
			remoteInfo = PracticalTask;
		};
/* End PBXContainerItemProxy section */

/* Begin PBXFileReference section */
		8ABA69562D290B3E007F4CA2 /* PracticalTask.app */ = {isa = PBXFileReference; explicitFileType = wrapper.application; includeInIndex = 0; path = PracticalTask.app; sourceTree = BUILT_PRODUCTS_DIR; };
		8ABA696B2D290B40007F4CA2 /* PracticalTaskTests.xctest */ = {isa = PBXFileReference; explicitFileType = wrapper.cfbundle; includeInIndex = 0; path = PracticalTaskTests.xctest; sourceTree = BUILT_PRODUCTS_DIR; };
		8ABA69752D290B40007F4CA2 /* PracticalTaskUITests.xctest */ = {isa = PBXFileReference; explicitFileType = wrapper.cfbundle; includeInIndex = 0; path = PracticalTaskUITests.xctest; sourceTree = BUILT_PRODUCTS_DIR; };
		8AD485012D2B1AA600891DED /* README.md */ = {isa = PBXFileReference; lastKnownFileType = net.daringfireball.markdown; path = README.md; sourceTree = "<group>"; };
/* End PBXFileReference section */

/* Begin PBXFileSystemSynchronizedRootGroup section */
		8ABA69582D290B3E007F4CA2 /* PracticalTask */ = {
			isa = PBXFileSystemSynchronizedRootGroup;
			path = PracticalTask;
			sourceTree = "<group>";
		};
		8ABA696E2D290B40007F4CA2 /* PracticalTaskTests */ = {
			isa = PBXFileSystemSynchronizedRootGroup;
			path = PracticalTaskTests;
			sourceTree = "<group>";
		};
		8ABA69782D290B40007F4CA2 /* PracticalTaskUITests */ = {
			isa = PBXFileSystemSynchronizedRootGroup;
			path = PracticalTaskUITests;
			sourceTree = "<group>";
		};
/* End PBXFileSystemSynchronizedRootGroup section */

/* Begin PBXFrameworksBuildPhase section */
		8ABA69532D290B3E007F4CA2 /* Frameworks */ = {
			isa = PBXFrameworksBuildPhase;
			buildActionMask = 2147483647;
			files = (
				8AD484782D2B119700891DED /* URLImage in Frameworks */,
				8ABEFA292D2A5462001016D8 /* RealmSwift in Frameworks */,
			);
			runOnlyForDeploymentPostprocessing = 0;
		};
		8ABA69682D290B40007F4CA2 /* Frameworks */ = {
			isa = PBXFrameworksBuildPhase;
			buildActionMask = 2147483647;
			files = (
			);
			runOnlyForDeploymentPostprocessing = 0;
		};
		8ABA69722D290B40007F4CA2 /* Frameworks */ = {
			isa = PBXFrameworksBuildPhase;
			buildActionMask = 2147483647;
			files = (
			);
			runOnlyForDeploymentPostprocessing = 0;
		};
/* End PBXFrameworksBuildPhase section */

/* Begin PBXGroup section */
		8ABA694D2D290B3E007F4CA2 = {
			isa = PBXGroup;
			children = (
				8AD485012D2B1AA600891DED /* README.md */,
				8ABA69582D290B3E007F4CA2 /* PracticalTask */,
				8ABA696E2D290B40007F4CA2 /* PracticalTaskTests */,
				8ABA69782D290B40007F4CA2 /* PracticalTaskUITests */,
				8ABA69572D290B3E007F4CA2 /* Products */,
			);
			sourceTree = "<group>";
		};
		8ABA69572D290B3E007F4CA2 /* Products */ = {
			isa = PBXGroup;
			children = (
				8ABA69562D290B3E007F4CA2 /* PracticalTask.app */,
				8ABA696B2D290B40007F4CA2 /* PracticalTaskTests.xctest */,
				8ABA69752D290B40007F4CA2 /* PracticalTaskUITests.xctest */,
			);
			name = Products;
			sourceTree = "<group>";
		};
/* End PBXGroup section */

/* Begin PBXNativeTarget section */
		8ABA69552D290B3E007F4CA2 /* PracticalTask */ = {
			isa = PBXNativeTarget;
			buildConfigurationList = 8ABA697F2D290B40007F4CA2 /* Build configuration list for PBXNativeTarget "PracticalTask" */;
			buildPhases = (
				8ABA69522D290B3E007F4CA2 /* Sources */,
				8ABA69532D290B3E007F4CA2 /* Frameworks */,
				8ABA69542D290B3E007F4CA2 /* Resources */,
			);
			buildRules = (
			);
			dependencies = (
			);
			fileSystemSynchronizedGroups = (
				8ABA69582D290B3E007F4CA2 /* PracticalTask */,
			);
			name = PracticalTask;
			packageProductDependencies = (
				8ABEFA282D2A5462001016D8 /* RealmSwift */,
				8AD484772D2B119700891DED /* URLImage */,
			);
			productName = PracticalTask;
			productReference = 8ABA69562D290B3E007F4CA2 /* PracticalTask.app */;
			productType = "com.apple.product-type.application";
		};
		8ABA696A2D290B40007F4CA2 /* PracticalTaskTests */ = {
			isa = PBXNativeTarget;
			buildConfigurationList = 8ABA69822D290B40007F4CA2 /* Build configuration list for PBXNativeTarget "PracticalTaskTests" */;
			buildPhases = (
				8ABA69672D290B40007F4CA2 /* Sources */,
				8ABA69682D290B40007F4CA2 /* Frameworks */,
				8ABA69692D290B40007F4CA2 /* Resources */,
			);
			buildRules = (
			);
			dependencies = (
				8ABA696D2D290B40007F4CA2 /* PBXTargetDependency */,
			);
			fileSystemSynchronizedGroups = (
				8ABA696E2D290B40007F4CA2 /* PracticalTaskTests */,
			);
			name = PracticalTaskTests;
			packageProductDependencies = (
			);
			productName = PracticalTaskTests;
			productReference = 8ABA696B2D290B40007F4CA2 /* PracticalTaskTests.xctest */;
			productType = "com.apple.product-type.bundle.unit-test";
		};
		8ABA69742D290B40007F4CA2 /* PracticalTaskUITests */ = {
			isa = PBXNativeTarget;
			buildConfigurationList = 8ABA69852D290B40007F4CA2 /* Build configuration list for PBXNativeTarget "PracticalTaskUITests" */;
			buildPhases = (
				8ABA69712D290B40007F4CA2 /* Sources */,
				8ABA69722D290B40007F4CA2 /* Frameworks */,
				8ABA69732D290B40007F4CA2 /* Resources */,
			);
			buildRules = (
			);
			dependencies = (
				8ABA69772D290B40007F4CA2 /* PBXTargetDependency */,
			);
			fileSystemSynchronizedGroups = (
				8ABA69782D290B40007F4CA2 /* PracticalTaskUITests */,
			);
			name = PracticalTaskUITests;
			packageProductDependencies = (
			);
			productName = PracticalTaskUITests;
			productReference = 8ABA69752D290B40007F4CA2 /* PracticalTaskUITests.xctest */;
			productType = "com.apple.product-type.bundle.ui-testing";
		};
/* End PBXNativeTarget section */

/* Begin PBXProject section */
		8ABA694E2D290B3E007F4CA2 /* Project object */ = {
			isa = PBXProject;
			attributes = {
				BuildIndependentTargetsInParallel = 1;
				LastSwiftUpdateCheck = 1620;
				LastUpgradeCheck = 1620;
				TargetAttributes = {
					8ABA69552D290B3E007F4CA2 = {
						CreatedOnToolsVersion = 16.2;
					};
					8ABA696A2D290B40007F4CA2 = {
						CreatedOnToolsVersion = 16.2;
						TestTargetID = 8ABA69552D290B3E007F4CA2;
					};
					8ABA69742D290B40007F4CA2 = {
						CreatedOnToolsVersion = 16.2;
						TestTargetID = 8ABA69552D290B3E007F4CA2;
					};
				};
			};
			buildConfigurationList = 8ABA69512D290B3E007F4CA2 /* Build configuration list for PBXProject "PracticalTask" */;
			developmentRegion = en;
			hasScannedForEncodings = 0;
			knownRegions = (
				en,
				Base,
			);
			mainGroup = 8ABA694D2D290B3E007F4CA2;
			minimizedProjectReferenceProxies = 1;
			packageReferences = (
				8ABEFA272D2A5462001016D8 /* XCRemoteSwiftPackageReference "realm-swift" */,
				8AD484762D2B119700891DED /* XCRemoteSwiftPackageReference "url-image" */,
			);
			preferredProjectObjectVersion = 77;
			productRefGroup = 8ABA69572D290B3E007F4CA2 /* Products */;
			projectDirPath = "";
			projectRoot = "";
			targets = (
				8ABA69552D290B3E007F4CA2 /* PracticalTask */,
				8ABA696A2D290B40007F4CA2 /* PracticalTaskTests */,
				8ABA69742D290B40007F4CA2 /* PracticalTaskUITests */,
			);
		};
/* End PBXProject section */

/* Begin PBXResourcesBuildPhase section */
		8ABA69542D290B3E007F4CA2 /* Resources */ = {
			isa = PBXResourcesBuildPhase;
			buildActionMask = 2147483647;
			files = (
				8AD485022D2B1AA600891DED /* README.md in Resources */,
			);
			runOnlyForDeploymentPostprocessing = 0;
		};
		8ABA69692D290B40007F4CA2 /* Resources */ = {
			isa = PBXResourcesBuildPhase;
			buildActionMask = 2147483647;
			files = (
			);
			runOnlyForDeploymentPostprocessing = 0;
		};
		8ABA69732D290B40007F4CA2 /* Resources */ = {
			isa = PBXResourcesBuildPhase;
			buildActionMask = 2147483647;
			files = (
			);
			runOnlyForDeploymentPostprocessing = 0;
		};
/* End PBXResourcesBuildPhase section */

/* Begin PBXSourcesBuildPhase section */
		8ABA69522D290B3E007F4CA2 /* Sources */ = {
			isa = PBXSourcesBuildPhase;
			buildActionMask = 2147483647;
			files = (
			);
			runOnlyForDeploymentPostprocessing = 0;
		};
		8ABA69672D290B40007F4CA2 /* Sources */ = {
			isa = PBXSourcesBuildPhase;
			buildActionMask = 2147483647;
			files = (
			);
			runOnlyForDeploymentPostprocessing = 0;
		};
		8ABA69712D290B40007F4CA2 /* Sources */ = {
			isa = PBXSourcesBuildPhase;
			buildActionMask = 2147483647;
			files = (
			);
			runOnlyForDeploymentPostprocessing = 0;
		};
/* End PBXSourcesBuildPhase section */

/* Begin PBXTargetDependency section */
		8ABA696D2D290B40007F4CA2 /* PBXTargetDependency */ = {
			isa = PBXTargetDependency;
			target = 8ABA69552D290B3E007F4CA2 /* PracticalTask */;
			targetProxy = 8ABA696C2D290B40007F4CA2 /* PBXContainerItemProxy */;
		};
		8ABA69772D290B40007F4CA2 /* PBXTargetDependency */ = {
			isa = PBXTargetDependency;
			target = 8ABA69552D290B3E007F4CA2 /* PracticalTask */;
			targetProxy = 8ABA69762D290B40007F4CA2 /* PBXContainerItemProxy */;
		};
/* End PBXTargetDependency section */

/* Begin XCBuildConfiguration section */
		8ABA697D2D290B40007F4CA2 /* Debug */ = {
			isa = XCBuildConfiguration;
			buildSettings = {
				ALWAYS_SEARCH_USER_PATHS = NO;
				ASSETCATALOG_COMPILER_GENERATE_SWIFT_ASSET_SYMBOL_EXTENSIONS = YES;
				CLANG_ANALYZER_NONNULL = YES;
				CLANG_ANALYZER_NUMBER_OBJECT_CONVERSION = YES_AGGRESSIVE;
				CLANG_CXX_LANGUAGE_STANDARD = "gnu++20";
				CLANG_ENABLE_MODULES = YES;
				CLANG_ENABLE_OBJC_ARC = YES;
				CLANG_ENABLE_OBJC_WEAK = YES;
				CLANG_WARN_BLOCK_CAPTURE_AUTORELEASING = YES;
				CLANG_WARN_BOOL_CONVERSION = YES;
				CLANG_WARN_COMMA = YES;
				CLANG_WARN_CONSTANT_CONVERSION = YES;
				CLANG_WARN_DEPRECATED_OBJC_IMPLEMENTATIONS = YES;
				CLANG_WARN_DIRECT_OBJC_ISA_USAGE = YES_ERROR;
				CLANG_WARN_DOCUMENTATION_COMMENTS = YES;
				CLANG_WARN_EMPTY_BODY = YES;
				CLANG_WARN_ENUM_CONVERSION = YES;
				CLANG_WARN_INFINITE_RECURSION = YES;
				CLANG_WARN_INT_CONVERSION = YES;
				CLANG_WARN_NON_LITERAL_NULL_CONVERSION = YES;
				CLANG_WARN_OBJC_IMPLICIT_RETAIN_SELF = YES;
				CLANG_WARN_OBJC_LITERAL_CONVERSION = YES;
				CLANG_WARN_OBJC_ROOT_CLASS = YES_ERROR;
				CLANG_WARN_QUOTED_INCLUDE_IN_FRAMEWORK_HEADER = YES;
				CLANG_WARN_RANGE_LOOP_ANALYSIS = YES;
				CLANG_WARN_STRICT_PROTOTYPES = YES;
				CLANG_WARN_SUSPICIOUS_MOVE = YES;
				CLANG_WARN_UNGUARDED_AVAILABILITY = YES_AGGRESSIVE;
				CLANG_WARN_UNREACHABLE_CODE = YES;
				CLANG_WARN__DUPLICATE_METHOD_MATCH = YES;
				COPY_PHASE_STRIP = NO;
				DEBUG_INFORMATION_FORMAT = dwarf;
				ENABLE_STRICT_OBJC_MSGSEND = YES;
				ENABLE_TESTABILITY = YES;
				ENABLE_USER_SCRIPT_SANDBOXING = YES;
				GCC_C_LANGUAGE_STANDARD = gnu17;
				GCC_DYNAMIC_NO_PIC = NO;
				GCC_NO_COMMON_BLOCKS = YES;
				GCC_OPTIMIZATION_LEVEL = 0;
				GCC_PREPROCESSOR_DEFINITIONS = (
					"DEBUG=1",
					"$(inherited)",
				);
				GCC_WARN_64_TO_32_BIT_CONVERSION = YES;
				GCC_WARN_ABOUT_RETURN_TYPE = YES_ERROR;
				GCC_WARN_UNDECLARED_SELECTOR = YES;
				GCC_WARN_UNINITIALIZED_AUTOS = YES_AGGRESSIVE;
				GCC_WARN_UNUSED_FUNCTION = YES;
				GCC_WARN_UNUSED_VARIABLE = YES;
				IPHONEOS_DEPLOYMENT_TARGET = 18.2;
				LOCALIZATION_PREFERS_STRING_CATALOGS = YES;
				MTL_ENABLE_DEBUG_INFO = INCLUDE_SOURCE;
				MTL_FAST_MATH = YES;
				ONLY_ACTIVE_ARCH = YES;
				SDKROOT = iphoneos;
				SWIFT_ACTIVE_COMPILATION_CONDITIONS = "DEBUG $(inherited)";
				SWIFT_OPTIMIZATION_LEVEL = "-Onone";
			};
			name = Debug;
		};
		8ABA697E2D290B40007F4CA2 /* Release */ = {
			isa = XCBuildConfiguration;
			buildSettings = {
				ALWAYS_SEARCH_USER_PATHS = NO;
				ASSETCATALOG_COMPILER_GENERATE_SWIFT_ASSET_SYMBOL_EXTENSIONS = YES;
				CLANG_ANALYZER_NONNULL = YES;
				CLANG_ANALYZER_NUMBER_OBJECT_CONVERSION = YES_AGGRESSIVE;
				CLANG_CXX_LANGUAGE_STANDARD = "gnu++20";
				CLANG_ENABLE_MODULES = YES;
				CLANG_ENABLE_OBJC_ARC = YES;
				CLANG_ENABLE_OBJC_WEAK = YES;
				CLANG_WARN_BLOCK_CAPTURE_AUTORELEASING = YES;
				CLANG_WARN_BOOL_CONVERSION = YES;
				CLANG_WARN_COMMA = YES;
				CLANG_WARN_CONSTANT_CONVERSION = YES;
				CLANG_WARN_DEPRECATED_OBJC_IMPLEMENTATIONS = YES;
				CLANG_WARN_DIRECT_OBJC_ISA_USAGE = YES_ERROR;
				CLANG_WARN_DOCUMENTATION_COMMENTS = YES;
				CLANG_WARN_EMPTY_BODY = YES;
				CLANG_WARN_ENUM_CONVERSION = YES;
				CLANG_WARN_INFINITE_RECURSION = YES;
				CLANG_WARN_INT_CONVERSION = YES;
				CLANG_WARN_NON_LITERAL_NULL_CONVERSION = YES;
				CLANG_WARN_OBJC_IMPLICIT_RETAIN_SELF = YES;
				CLANG_WARN_OBJC_LITERAL_CONVERSION = YES;
				CLANG_WARN_OBJC_ROOT_CLASS = YES_ERROR;
				CLANG_WARN_QUOTED_INCLUDE_IN_FRAMEWORK_HEADER = YES;
				CLANG_WARN_RANGE_LOOP_ANALYSIS = YES;
				CLANG_WARN_STRICT_PROTOTYPES = YES;
				CLANG_WARN_SUSPICIOUS_MOVE = YES;
				CLANG_WARN_UNGUARDED_AVAILABILITY = YES_AGGRESSIVE;
				CLANG_WARN_UNREACHABLE_CODE = YES;
				CLANG_WARN__DUPLICATE_METHOD_MATCH = YES;
				COPY_PHASE_STRIP = NO;
				DEBUG_INFORMATION_FORMAT = "dwarf-with-dsym";
				ENABLE_NS_ASSERTIONS = NO;
				ENABLE_STRICT_OBJC_MSGSEND = YES;
				ENABLE_USER_SCRIPT_SANDBOXING = YES;
				GCC_C_LANGUAGE_STANDARD = gnu17;
				GCC_NO_COMMON_BLOCKS = YES;
				GCC_WARN_64_TO_32_BIT_CONVERSION = YES;
				GCC_WARN_ABOUT_RETURN_TYPE = YES_ERROR;
				GCC_WARN_UNDECLARED_SELECTOR = YES;
				GCC_WARN_UNINITIALIZED_AUTOS = YES_AGGRESSIVE;
				GCC_WARN_UNUSED_FUNCTION = YES;
				GCC_WARN_UNUSED_VARIABLE = YES;
				IPHONEOS_DEPLOYMENT_TARGET = 18.2;
				LOCALIZATION_PREFERS_STRING_CATALOGS = YES;
				MTL_ENABLE_DEBUG_INFO = NO;
				MTL_FAST_MATH = YES;
				SDKROOT = iphoneos;
				SWIFT_COMPILATION_MODE = wholemodule;
				VALIDATE_PRODUCT = YES;
			};
			name = Release;
		};
		8ABA69802D290B40007F4CA2 /* Debug */ = {
			isa = XCBuildConfiguration;
			buildSettings = {
				ASSETCATALOG_COMPILER_APPICON_NAME = AppIcon;
				ASSETCATALOG_COMPILER_GLOBAL_ACCENT_COLOR_NAME = AccentColor;
				ASSETCATALOG_COMPILER_INCLUDE_ALL_APPICON_ASSETS = NO;
				CODE_SIGN_STYLE = Manual;
				CURRENT_PROJECT_VERSION = 1;
				DEVELOPMENT_ASSET_PATHS = "\"PracticalTask/Preview Content\"";
				DEVELOPMENT_TEAM = "";
				ENABLE_PREVIEWS = YES;
				GENERATE_INFOPLIST_FILE = YES;
				INFOPLIST_FILE = PracticalTask/Info.plist;
				INFOPLIST_KEY_UIApplicationSceneManifest_Generation = YES;
				INFOPLIST_KEY_UIApplicationSupportsIndirectInputEvents = YES;
				INFOPLIST_KEY_UISupportedInterfaceOrientations_iPad = "UIInterfaceOrientationPortrait UIInterfaceOrientationPortraitUpsideDown UIInterfaceOrientationLandscapeLeft UIInterfaceOrientationLandscapeRight";
				INFOPLIST_KEY_UISupportedInterfaceOrientations_iPhone = "UIInterfaceOrientationPortrait UIInterfaceOrientationLandscapeLeft UIInterfaceOrientationLandscapeRight";
				LD_RUNPATH_SEARCH_PATHS = (
					"$(inherited)",
					"@executable_path/Frameworks",
				);
				MARKETING_VERSION = 1.0;
				PRODUCT_BUNDLE_IDENTIFIER = sujoy.org.PracticalTask;
				PRODUCT_NAME = "$(TARGET_NAME)";
				PROVISIONING_PROFILE_SPECIFIER = "";
				SWIFT_EMIT_LOC_STRINGS = YES;
				SWIFT_VERSION = 5.0;
				TARGETED_DEVICE_FAMILY = "1,2";
			};
			name = Debug;
		};
		8ABA69812D290B40007F4CA2 /* Release */ = {
			isa = XCBuildConfiguration;
			buildSettings = {
				ASSETCATALOG_COMPILER_APPICON_NAME = AppIcon;
				ASSETCATALOG_COMPILER_GLOBAL_ACCENT_COLOR_NAME = AccentColor;
				ASSETCATALOG_COMPILER_INCLUDE_ALL_APPICON_ASSETS = NO;
				CODE_SIGN_STYLE = Manual;
				CURRENT_PROJECT_VERSION = 1;
				DEVELOPMENT_ASSET_PATHS = "\"PracticalTask/Preview Content\"";
				DEVELOPMENT_TEAM = "";
				ENABLE_PREVIEWS = YES;
				GENERATE_INFOPLIST_FILE = YES;
				INFOPLIST_FILE = PracticalTask/Info.plist;
				INFOPLIST_KEY_UIApplicationSceneManifest_Generation = YES;
				INFOPLIST_KEY_UIApplicationSupportsIndirectInputEvents = YES;
				INFOPLIST_KEY_UISupportedInterfaceOrientations_iPad = "UIInterfaceOrientationPortrait UIInterfaceOrientationPortraitUpsideDown UIInterfaceOrientationLandscapeLeft UIInterfaceOrientationLandscapeRight";
				INFOPLIST_KEY_UISupportedInterfaceOrientations_iPhone = "UIInterfaceOrientationPortrait UIInterfaceOrientationLandscapeLeft UIInterfaceOrientationLandscapeRight";
				LD_RUNPATH_SEARCH_PATHS = (
					"$(inherited)",
					"@executable_path/Frameworks",
				);
				MARKETING_VERSION = 1.0;
				PRODUCT_BUNDLE_IDENTIFIER = sujoy.org.PracticalTask;
				PRODUCT_NAME = "$(TARGET_NAME)";
				PROVISIONING_PROFILE_SPECIFIER = "";
				SWIFT_EMIT_LOC_STRINGS = YES;
				SWIFT_VERSION = 5.0;
				TARGETED_DEVICE_FAMILY = "1,2";
			};
			name = Release;
		};
		8ABA69832D290B40007F4CA2 /* Debug */ = {
			isa = XCBuildConfiguration;
			buildSettings = {
				BUNDLE_LOADER = "$(TEST_HOST)";
				CODE_SIGN_STYLE = Automatic;
				CURRENT_PROJECT_VERSION = 1;
				GENERATE_INFOPLIST_FILE = YES;
				IPHONEOS_DEPLOYMENT_TARGET = 18.2;
				MARKETING_VERSION = 1.0;
				PRODUCT_BUNDLE_IDENTIFIER = sujoy.org.PracticalTaskTests;
				PRODUCT_NAME = "$(TARGET_NAME)";
				SWIFT_EMIT_LOC_STRINGS = NO;
				SWIFT_VERSION = 5.0;
				TARGETED_DEVICE_FAMILY = "1,2";
				TEST_HOST = "$(BUILT_PRODUCTS_DIR)/PracticalTask.app/$(BUNDLE_EXECUTABLE_FOLDER_PATH)/PracticalTask";
			};
			name = Debug;
		};
		8ABA69842D290B40007F4CA2 /* Release */ = {
			isa = XCBuildConfiguration;
			buildSettings = {
				BUNDLE_LOADER = "$(TEST_HOST)";
				CODE_SIGN_STYLE = Automatic;
				CURRENT_PROJECT_VERSION = 1;
				GENERATE_INFOPLIST_FILE = YES;
				IPHONEOS_DEPLOYMENT_TARGET = 18.2;
				MARKETING_VERSION = 1.0;
				PRODUCT_BUNDLE_IDENTIFIER = sujoy.org.PracticalTaskTests;
				PRODUCT_NAME = "$(TARGET_NAME)";
				SWIFT_EMIT_LOC_STRINGS = NO;
				SWIFT_VERSION = 5.0;
				TARGETED_DEVICE_FAMILY = "1,2";
				TEST_HOST = "$(BUILT_PRODUCTS_DIR)/PracticalTask.app/$(BUNDLE_EXECUTABLE_FOLDER_PATH)/PracticalTask";
			};
			name = Release;
		};
		8ABA69862D290B40007F4CA2 /* Debug */ = {
			isa = XCBuildConfiguration;
			buildSettings = {
				CODE_SIGN_STYLE = Automatic;
				CURRENT_PROJECT_VERSION = 1;
				GENERATE_INFOPLIST_FILE = YES;
				MARKETING_VERSION = 1.0;
				PRODUCT_BUNDLE_IDENTIFIER = sujoy.org.PracticalTaskUITests;
				PRODUCT_NAME = "$(TARGET_NAME)";
				SWIFT_EMIT_LOC_STRINGS = NO;
				SWIFT_VERSION = 5.0;
				TARGETED_DEVICE_FAMILY = "1,2";
				TEST_TARGET_NAME = PracticalTask;
			};
			name = Debug;
		};
		8ABA69872D290B40007F4CA2 /* Release */ = {
			isa = XCBuildConfiguration;
			buildSettings = {
				CODE_SIGN_STYLE = Automatic;
				CURRENT_PROJECT_VERSION = 1;
				GENERATE_INFOPLIST_FILE = YES;
				MARKETING_VERSION = 1.0;
				PRODUCT_BUNDLE_IDENTIFIER = sujoy.org.PracticalTaskUITests;
				PRODUCT_NAME = "$(TARGET_NAME)";
				SWIFT_EMIT_LOC_STRINGS = NO;
				SWIFT_VERSION = 5.0;
				TARGETED_DEVICE_FAMILY = "1,2";
				TEST_TARGET_NAME = PracticalTask;
			};
			name = Release;
		};
/* End XCBuildConfiguration section */

/* Begin XCConfigurationList section */
		8ABA69512D290B3E007F4CA2 /* Build configuration list for PBXProject "PracticalTask" */ = {
			isa = XCConfigurationList;
			buildConfigurations = (
				8ABA697D2D290B40007F4CA2 /* Debug */,
				8ABA697E2D290B40007F4CA2 /* Release */,
			);
			defaultConfigurationIsVisible = 0;
			defaultConfigurationName = Release;
		};
		8ABA697F2D290B40007F4CA2 /* Build configuration list for PBXNativeTarget "PracticalTask" */ = {
			isa = XCConfigurationList;
			buildConfigurations = (
				8ABA69802D290B40007F4CA2 /* Debug */,
				8ABA69812D290B40007F4CA2 /* Release */,
			);
			defaultConfigurationIsVisible = 0;
			defaultConfigurationName = Release;
		};
		8ABA69822D290B40007F4CA2 /* Build configuration list for PBXNativeTarget "PracticalTaskTests" */ = {
			isa = XCConfigurationList;
			buildConfigurations = (
				8ABA69832D290B40007F4CA2 /* Debug */,
				8ABA69842D290B40007F4CA2 /* Release */,
			);
			defaultConfigurationIsVisible = 0;
			defaultConfigurationName = Release;
		};
		8ABA69852D290B40007F4CA2 /* Build configuration list for PBXNativeTarget "PracticalTaskUITests" */ = {
			isa = XCConfigurationList;
			buildConfigurations = (
				8ABA69862D290B40007F4CA2 /* Debug */,
				8ABA69872D290B40007F4CA2 /* Release */,
			);
			defaultConfigurationIsVisible = 0;
			defaultConfigurationName = Release;
		};
/* End XCConfigurationList section */

/* Begin XCRemoteSwiftPackageReference section */
		8ABEFA272D2A5462001016D8 /* XCRemoteSwiftPackageReference "realm-swift" */ = {
			isa = XCRemoteSwiftPackageReference;
			repositoryURL = "https://github.com/realm/realm-swift";
			requirement = {
				branch = master;
				kind = branch;
			};
		};
		8AD484762D2B119700891DED /* XCRemoteSwiftPackageReference "url-image" */ = {
			isa = XCRemoteSwiftPackageReference;
			repositoryURL = "https://github.com/dmytro-anokhin/url-image";
			requirement = {
				kind = upToNextMajorVersion;
				minimumVersion = 3.1.1;
			};
		};
/* End XCRemoteSwiftPackageReference section */

/* Begin XCSwiftPackageProductDependency section */
		8ABEFA282D2A5462001016D8 /* RealmSwift */ = {
			isa = XCSwiftPackageProductDependency;
			package = 8ABEFA272D2A5462001016D8 /* XCRemoteSwiftPackageReference "realm-swift" */;
			productName = RealmSwift;
		};
		8AD484772D2B119700891DED /* URLImage */ = {
			isa = XCSwiftPackageProductDependency;
			package = 8AD484762D2B119700891DED /* XCRemoteSwiftPackageReference "url-image" */;
			productName = URLImage;
		};
/* End XCSwiftPackageProductDependency section */
	};
	rootObject = 8ABA694E2D290B3E007F4CA2 /* Project object */;
}
